// !$*UTF8*$!
{
	archiveVersion = 1;
	classes = {
	};
	objectVersion = 46;
	objects = {

/* Begin PBXAggregateTarget section */
		60B7E3DF1800723900FC011E /* Documentation */ = {
			isa = PBXAggregateTarget;
			buildConfigurationList = 60B7E3E21800723900FC011E /* Build configuration list for PBXAggregateTarget "Documentation" */;
			buildPhases = (
				60B7E3E51800729000FC011E /* ShellScript */,
			);
			dependencies = (
			);
			name = Documentation;
			productName = Documentation;
		};
/* End PBXAggregateTarget section */

/* Begin PBXBuildFile section */
		60156D3717FFC0B5001394E7 /* s.cpp in Sources */ = {isa = PBXBuildFile; fileRef = 60156D3617FFC0B5001394E7 /* s.cpp */; };
		60156D3917FFC0B5001394E7 /* MBVM.1 in CopyFiles */ = {isa = PBXBuildFile; fileRef = 60156D3817FFC0B5001394E7 /* MBVM.1 */; };
		60156D4617FFD52B001394E7 /* MoneyBag.cpp in Sources */ = {isa = PBXBuildFile; fileRef = 60156D4017FFD52B001394E7 /* MoneyBag.cpp */; };
		60156D4717FFD52B001394E7 /* Pay.cpp in Sources */ = {isa = PBXBuildFile; fileRef = 60156D4217FFD52B001394E7 /* Pay.cpp */; };
		60156D4817FFD52B001394E7 /* Recipe.cpp in Sources */ = {isa = PBXBuildFile; fileRef = 60156D4417FFD52B001394E7 /* Recipe.cpp */; };
		60156D5517FFEF75001394E7 /* Item.cpp in Sources */ = {isa = PBXBuildFile; fileRef = 60156D5317FFEF75001394E7 /* Item.cpp */; };
		60156D5717FFF211001394E7 /* DaoRecipe.cpp in Sources */ = {isa = PBXBuildFile; fileRef = 60156D5617FFF211001394E7 /* DaoRecipe.cpp */; };
		60156D5B17FFF3DD001394E7 /* Sale.cpp in Sources */ = {isa = PBXBuildFile; fileRef = 60156D5917FFF3DD001394E7 /* Sale.cpp */; };
		60156D6018002429001394E7 /* MBVMState.cpp in Sources */ = {isa = PBXBuildFile; fileRef = 60156D5E18002429001394E7 /* MBVMState.cpp */; };
		60156D6418002496001394E7 /* MBVMContext.cpp in Sources */ = {isa = PBXBuildFile; fileRef = 60156D6218002496001394E7 /* MBVMContext.cpp */; };
		60B7E3EA180075CF00FC011E /* Maintenance.cpp in Sources */ = {isa = PBXBuildFile; fileRef = 60B7E3E8180075CF00FC011E /* Maintenance.cpp */; };
		60B7E3F11800D0E200FC011E /* SalesRecord.cpp in Sources */ = {isa = PBXBuildFile; fileRef = 60B7E3EF1800D0E200FC011E /* SalesRecord.cpp */; };
		60B7E3F41800D1AC00FC011E /* Receipt.cpp in Sources */ = {isa = PBXBuildFile; fileRef = 60B7E3F21800D1AC00FC011E /* Receipt.cpp */; };
/* End PBXBuildFile section */

/* Begin PBXCopyFilesBuildPhase section */
		60156D3117FFC0B5001394E7 /* CopyFiles */ = {
			isa = PBXCopyFilesBuildPhase;
			buildActionMask = 2147483647;
			dstPath = /usr/share/man/man1/;
			dstSubfolderSpec = 0;
			files = (
				60156D3917FFC0B5001394E7 /* MBVM.1 in CopyFiles */,
			);
			runOnlyForDeploymentPostprocessing = 1;
		};
/* End PBXCopyFilesBuildPhase section */

/* Begin PBXFileReference section */
		60156D3317FFC0B5001394E7 /* MBVM */ = {isa = PBXFileReference; explicitFileType = "compiled.mach-o.executable"; includeInIndex = 0; path = MBVM; sourceTree = BUILT_PRODUCTS_DIR; };
		60156D3617FFC0B5001394E7 /* s.cpp */ = {isa = PBXFileReference; lastKnownFileType = sourcecode.cpp.cpp; name = s.cpp; path = MBVM/s.cpp; sourceTree = "<group>"; };
		60156D3817FFC0B5001394E7 /* MBVM.1 */ = {isa = PBXFileReference; lastKnownFileType = text.man; name = MBVM.1; path = MBVM/MBVM.1; sourceTree = "<group>"; };
		60156D3F17FFD52B001394E7 /* DaoRecipe.h */ = {isa = PBXFileReference; fileEncoding = 4; lastKnownFileType = sourcecode.c.h; path = DaoRecipe.h; sourceTree = "<group>"; };
		60156D4017FFD52B001394E7 /* MoneyBag.cpp */ = {isa = PBXFileReference; fileEncoding = 4; lastKnownFileType = sourcecode.cpp.cpp; path = MoneyBag.cpp; sourceTree = "<group>"; };
		60156D4117FFD52B001394E7 /* MoneyBag.h */ = {isa = PBXFileReference; fileEncoding = 4; lastKnownFileType = sourcecode.c.h; path = MoneyBag.h; sourceTree = "<group>"; };
		60156D4217FFD52B001394E7 /* Pay.cpp */ = {isa = PBXFileReference; fileEncoding = 4; lastKnownFileType = sourcecode.cpp.cpp; path = Pay.cpp; sourceTree = "<group>"; };
		60156D4317FFD52B001394E7 /* Pay.h */ = {isa = PBXFileReference; fileEncoding = 4; lastKnownFileType = sourcecode.c.h; path = Pay.h; sourceTree = "<group>"; };
		60156D4417FFD52B001394E7 /* Recipe.cpp */ = {isa = PBXFileReference; fileEncoding = 4; lastKnownFileType = sourcecode.cpp.cpp; path = Recipe.cpp; sourceTree = "<group>"; };
		60156D4517FFD52B001394E7 /* Recipe.h */ = {isa = PBXFileReference; fileEncoding = 4; lastKnownFileType = sourcecode.c.h; path = Recipe.h; sourceTree = "<group>"; };
		60156D5117FFD89C001394E7 /* CSV.h */ = {isa = PBXFileReference; lastKnownFileType = sourcecode.c.h; path = CSV.h; sourceTree = "<group>"; };
		60156D5317FFEF75001394E7 /* Item.cpp */ = {isa = PBXFileReference; fileEncoding = 4; lastKnownFileType = sourcecode.cpp.cpp; path = Item.cpp; sourceTree = "<group>"; };
		60156D5417FFEF75001394E7 /* Item.h */ = {isa = PBXFileReference; fileEncoding = 4; lastKnownFileType = sourcecode.c.h; path = Item.h; sourceTree = "<group>"; };
		60156D5617FFF211001394E7 /* DaoRecipe.cpp */ = {isa = PBXFileReference; fileEncoding = 4; lastKnownFileType = sourcecode.cpp.cpp; path = DaoRecipe.cpp; sourceTree = "<group>"; };
		60156D5917FFF3DD001394E7 /* Sale.cpp */ = {isa = PBXFileReference; fileEncoding = 4; lastKnownFileType = sourcecode.cpp.cpp; path = Sale.cpp; sourceTree = "<group>"; };
		60156D5A17FFF3DD001394E7 /* Sale.h */ = {isa = PBXFileReference; fileEncoding = 4; lastKnownFileType = sourcecode.c.h; path = Sale.h; sourceTree = "<group>"; };
		60156D5C17FFF499001394E7 /* DaoItem.h */ = {isa = PBXFileReference; lastKnownFileType = sourcecode.c.h; path = DaoItem.h; sourceTree = "<group>"; };
		60156D5E18002429001394E7 /* MBVMState.cpp */ = {isa = PBXFileReference; fileEncoding = 4; lastKnownFileType = sourcecode.cpp.cpp; path = MBVMState.cpp; sourceTree = "<group>"; };
		60156D5F18002429001394E7 /* MBVMState.h */ = {isa = PBXFileReference; fileEncoding = 4; lastKnownFileType = sourcecode.c.h; path = MBVMState.h; sourceTree = "<group>"; };
		60156D6218002496001394E7 /* MBVMContext.cpp */ = {isa = PBXFileReference; fileEncoding = 4; lastKnownFileType = sourcecode.cpp.cpp; path = MBVMContext.cpp; sourceTree = "<group>"; };
		60156D6318002496001394E7 /* MBVMContext.h */ = {isa = PBXFileReference; fileEncoding = 4; lastKnownFileType = sourcecode.c.h; path = MBVMContext.h; sourceTree = "<group>"; };
		60156D6518003AFC001394E7 /* Util.h */ = {isa = PBXFileReference; lastKnownFileType = sourcecode.c.h; path = Util.h; sourceTree = "<group>"; };
		60B7E3E8180075CF00FC011E /* Maintenance.cpp */ = {isa = PBXFileReference; fileEncoding = 4; lastKnownFileType = sourcecode.cpp.cpp; path = Maintenance.cpp; sourceTree = "<group>"; };
		60B7E3E9180075CF00FC011E /* Maintenance.h */ = {isa = PBXFileReference; fileEncoding = 4; lastKnownFileType = sourcecode.c.h; path = Maintenance.h; sourceTree = "<group>"; };
		60B7E3EF1800D0E200FC011E /* SalesRecord.cpp */ = {isa = PBXFileReference; fileEncoding = 4; lastKnownFileType = sourcecode.cpp.cpp; path = SalesRecord.cpp; sourceTree = "<group>"; };
		60B7E3F01800D0E200FC011E /* SalesRecord.h */ = {isa = PBXFileReference; fileEncoding = 4; lastKnownFileType = sourcecode.c.h; path = SalesRecord.h; sourceTree = "<group>"; };
		60B7E3F21800D1AC00FC011E /* Receipt.cpp */ = {isa = PBXFileReference; fileEncoding = 4; lastKnownFileType = sourcecode.cpp.cpp; path = Receipt.cpp; sourceTree = "<group>"; };
		60B7E3F31800D1AC00FC011E /* Receipt.h */ = {isa = PBXFileReference; fileEncoding = 4; lastKnownFileType = sourcecode.c.h; path = Receipt.h; sourceTree = "<group>"; };
/* End PBXFileReference section */

/* Begin PBXFrameworksBuildPhase section */
		60156D3017FFC0B5001394E7 /* Frameworks */ = {
			isa = PBXFrameworksBuildPhase;
			buildActionMask = 2147483647;
			files = (
			);
			runOnlyForDeploymentPostprocessing = 0;
		};
/* End PBXFrameworksBuildPhase section */

/* Begin PBXGroup section */
		60156D2A17FFC0B5001394E7 = {
			isa = PBXGroup;
			children = (
				60156D3517FFC0B5001394E7 /* MBVM */,
				60156D3617FFC0B5001394E7 /* s.cpp */,
				60156D3817FFC0B5001394E7 /* MBVM.1 */,
				60156D3417FFC0B5001394E7 /* Products */,
			);
			sourceTree = "<group>";
		};
		60156D3417FFC0B5001394E7 /* Products */ = {
			isa = PBXGroup;
			children = (
				60156D3317FFC0B5001394E7 /* MBVM */,
			);
			name = Products;
			sourceTree = "<group>";
		};
		60156D3517FFC0B5001394E7 /* MBVM */ = {
			isa = PBXGroup;
			children = (
				60B7E3F51800D1B800FC011E /* Receipt */,
				60B7E3EE1800D0D000FC011E /* SalesRecord */,
				60B7E3E7180075BE00FC011E /* Maintenance */,
				60156D611800248A001394E7 /* MBVMContext */,
				60156D5D18002416001394E7 /* MBVMState */,
				60156D5817FFF3D1001394E7 /* Sale */,
				60156D4B17FFD546001394E7 /* Moneybag */,
				60156D4A17FFD538001394E7 /* Pay */,
				60156D5217FFEF62001394E7 /* Item */,
				60156D4917FFD530001394E7 /* Recipe */,
				60156D4C17FFD711001394E7 /* Util */,
				60156D4D17FFD71E001394E7 /* IO */,
			);
			path = MBVM;
			sourceTree = "<group>";
		};
		60156D4917FFD530001394E7 /* Recipe */ = {
			isa = PBXGroup;
			children = (
				60156D4417FFD52B001394E7 /* Recipe.cpp */,
				60156D4517FFD52B001394E7 /* Recipe.h */,
				60156D5617FFF211001394E7 /* DaoRecipe.cpp */,
				60156D3F17FFD52B001394E7 /* DaoRecipe.h */,
			);
			name = Recipe;
			sourceTree = "<group>";
		};
		60156D4A17FFD538001394E7 /* Pay */ = {
			isa = PBXGroup;
			children = (
				60156D4217FFD52B001394E7 /* Pay.cpp */,
				60156D4317FFD52B001394E7 /* Pay.h */,
			);
			name = Pay;
			sourceTree = "<group>";
		};
		60156D4B17FFD546001394E7 /* Moneybag */ = {
			isa = PBXGroup;
			children = (
				60156D4017FFD52B001394E7 /* MoneyBag.cpp */,
				60156D4117FFD52B001394E7 /* MoneyBag.h */,
			);
			name = Moneybag;
			sourceTree = "<group>";
		};
		60156D4C17FFD711001394E7 /* Util */ = {
			isa = PBXGroup;
			children = (
				60156D6518003AFC001394E7 /* Util.h */,
			);
			name = Util;
			sourceTree = "<group>";
		};
		60156D4D17FFD71E001394E7 /* IO */ = {
			isa = PBXGroup;
			children = (
				60156D5117FFD89C001394E7 /* CSV.h */,
			);
			name = IO;
			sourceTree = "<group>";
		};
		60156D5217FFEF62001394E7 /* Item */ = {
			isa = PBXGroup;
			children = (
				60156D5317FFEF75001394E7 /* Item.cpp */,
				60156D5417FFEF75001394E7 /* Item.h */,
				60156D5C17FFF499001394E7 /* DaoItem.h */,
			);
			name = Item;
			sourceTree = "<group>";
		};
		60156D5817FFF3D1001394E7 /* Sale */ = {
			isa = PBXGroup;
			children = (
				60156D5917FFF3DD001394E7 /* Sale.cpp */,
				60156D5A17FFF3DD001394E7 /* Sale.h */,
			);
			name = Sale;
			sourceTree = "<group>";
		};
		60156D5D18002416001394E7 /* MBVMState */ = {
			isa = PBXGroup;
			children = (
				60156D5E18002429001394E7 /* MBVMState.cpp */,
				60156D5F18002429001394E7 /* MBVMState.h */,
			);
			name = MBVMState;
			sourceTree = "<group>";
		};
		60156D611800248A001394E7 /* MBVMContext */ = {
			isa = PBXGroup;
			children = (
				60156D6218002496001394E7 /* MBVMContext.cpp */,
				60156D6318002496001394E7 /* MBVMContext.h */,
			);
			name = MBVMContext;
			sourceTree = "<group>";
		};
		60B7E3E7180075BE00FC011E /* Maintenance */ = {
			isa = PBXGroup;
			children = (
				60B7E3E8180075CF00FC011E /* Maintenance.cpp */,
				60B7E3E9180075CF00FC011E /* Maintenance.h */,
			);
			name = Maintenance;
			sourceTree = "<group>";
		};
		60B7E3EE1800D0D000FC011E /* SalesRecord */ = {
			isa = PBXGroup;
			children = (
				60B7E3EF1800D0E200FC011E /* SalesRecord.cpp */,
				60B7E3F01800D0E200FC011E /* SalesRecord.h */,
			);
			name = SalesRecord;
			sourceTree = "<group>";
		};
		60B7E3F51800D1B800FC011E /* Receipt */ = {
			isa = PBXGroup;
			children = (
				60B7E3F21800D1AC00FC011E /* Receipt.cpp */,
				60B7E3F31800D1AC00FC011E /* Receipt.h */,
			);
			name = Receipt;
			sourceTree = "<group>";
		};
/* End PBXGroup section */

/* Begin PBXNativeTarget section */
		60156D3217FFC0B5001394E7 /* MBVM */ = {
			isa = PBXNativeTarget;
			buildConfigurationList = 60156D3C17FFC0B5001394E7 /* Build configuration list for PBXNativeTarget "MBVM" */;
			buildPhases = (
				60156D2F17FFC0B5001394E7 /* Sources */,
				60156D3017FFC0B5001394E7 /* Frameworks */,
				60156D3117FFC0B5001394E7 /* CopyFiles */,
			);
			buildRules = (
			);
			dependencies = (
			);
			name = MBVM;
			productName = MBVM;
			productReference = 60156D3317FFC0B5001394E7 /* MBVM */;
			productType = "com.apple.product-type.tool";
		};
/* End PBXNativeTarget section */

/* Begin PBXProject section */
		60156D2B17FFC0B5001394E7 /* Project object */ = {
			isa = PBXProject;
			attributes = {
				LastUpgradeCheck = 0500;
				ORGANIZATIONNAME = ogsh;
			};
			buildConfigurationList = 60156D2E17FFC0B5001394E7 /* Build configuration list for PBXProject "MBVM" */;
			compatibilityVersion = "Xcode 3.2";
			developmentRegion = English;
			hasScannedForEncodings = 0;
			knownRegions = (
				en,
			);
			mainGroup = 60156D2A17FFC0B5001394E7;
			productRefGroup = 60156D3417FFC0B5001394E7 /* Products */;
			projectDirPath = "";
			projectRoot = "";
			targets = (
				60156D3217FFC0B5001394E7 /* MBVM */,
				60B7E3DF1800723900FC011E /* Documentation */,
			);
		};
/* End PBXProject section */

/* Begin PBXShellScriptBuildPhase section */
		60B7E3E51800729000FC011E /* ShellScript */ = {
			isa = PBXShellScriptBuildPhase;
			buildActionMask = 2147483647;
			files = (
			);
			inputPaths = (
			);
			outputPaths = (
			);
			runOnlyForDeploymentPostprocessing = 0;
			shellPath = "/Applications/Doxygen.app/Contents/Resources/doxygen Doxyfile";
			shellScript = "for doxygen";
		};
/* End PBXShellScriptBuildPhase section */

/* Begin PBXSourcesBuildPhase section */
		60156D2F17FFC0B5001394E7 /* Sources */ = {
			isa = PBXSourcesBuildPhase;
			buildActionMask = 2147483647;
			files = (
				60156D4717FFD52B001394E7 /* Pay.cpp in Sources */,
				60156D6018002429001394E7 /* MBVMState.cpp in Sources */,
				60156D5B17FFF3DD001394E7 /* Sale.cpp in Sources */,
				60156D3717FFC0B5001394E7 /* s.cpp in Sources */,
				60B7E3F41800D1AC00FC011E /* Receipt.cpp in Sources */,
				60156D4617FFD52B001394E7 /* MoneyBag.cpp in Sources */,
				60156D4817FFD52B001394E7 /* Recipe.cpp in Sources */,
				60156D5717FFF211001394E7 /* DaoRecipe.cpp in Sources */,
				60156D6418002496001394E7 /* MBVMContext.cpp in Sources */,
				60B7E3F11800D0E200FC011E /* SalesRecord.cpp in Sources */,
				60156D5517FFEF75001394E7 /* Item.cpp in Sources */,
				60B7E3EA180075CF00FC011E /* Maintenance.cpp in Sources */,
			);
			runOnlyForDeploymentPostprocessing = 0;
		};
/* End PBXSourcesBuildPhase section */

/* Begin XCBuildConfiguration section */
		60156D3A17FFC0B5001394E7 /* Debug */ = {
			isa = XCBuildConfiguration;
			buildSettings = {
				ALWAYS_SEARCH_USER_PATHS = NO;
				CLANG_CXX_LANGUAGE_STANDARD = "gnu++0x";
				CLANG_CXX_LIBRARY = "libc++";
				CLANG_ENABLE_OBJC_ARC = YES;
				CLANG_WARN_BOOL_CONVERSION = YES;
				CLANG_WARN_CONSTANT_CONVERSION = YES;
				CLANG_WARN_DIRECT_OBJC_ISA_USAGE = YES_ERROR;
				CLANG_WARN_EMPTY_BODY = YES;
				CLANG_WARN_ENUM_CONVERSION = YES;
				CLANG_WARN_INT_CONVERSION = YES;
				CLANG_WARN_OBJC_ROOT_CLASS = YES_ERROR;
				CLANG_WARN__DUPLICATE_METHOD_MATCH = YES;
				COPY_PHASE_STRIP = NO;
				GCC_C_LANGUAGE_STANDARD = gnu99;
				GCC_DYNAMIC_NO_PIC = NO;
				GCC_ENABLE_OBJC_EXCEPTIONS = YES;
				GCC_OPTIMIZATION_LEVEL = 0;
				GCC_PREPROCESSOR_DEFINITIONS = (
					"DEBUG=1",
					"$(inherited)",
				);
				GCC_SYMBOLS_PRIVATE_EXTERN = NO;
				GCC_WARN_64_TO_32_BIT_CONVERSION = YES;
				GCC_WARN_ABOUT_RETURN_TYPE = YES_ERROR;
				GCC_WARN_UNDECLARED_SELECTOR = YES;
				GCC_WARN_UNINITIALIZED_AUTOS = YES;
				GCC_WARN_UNUSED_FUNCTION = YES;
				GCC_WARN_UNUSED_VARIABLE = YES;
				MACOSX_DEPLOYMENT_TARGET = 10.8;
				ONLY_ACTIVE_ARCH = YES;
				SDKROOT = macosx;
			};
			name = Debug;
		};
		60156D3B17FFC0B5001394E7 /* Release */ = {
			isa = XCBuildConfiguration;
			buildSettings = {
				ALWAYS_SEARCH_USER_PATHS = NO;
				CLANG_CXX_LANGUAGE_STANDARD = "gnu++0x";
				CLANG_CXX_LIBRARY = "libc++";
				CLANG_ENABLE_OBJC_ARC = YES;
				CLANG_WARN_BOOL_CONVERSION = YES;
				CLANG_WARN_CONSTANT_CONVERSION = YES;
				CLANG_WARN_DIRECT_OBJC_ISA_USAGE = YES_ERROR;
				CLANG_WARN_EMPTY_BODY = YES;
				CLANG_WARN_ENUM_CONVERSION = YES;
				CLANG_WARN_INT_CONVERSION = YES;
				CLANG_WARN_OBJC_ROOT_CLASS = YES_ERROR;
				CLANG_WARN__DUPLICATE_METHOD_MATCH = YES;
				COPY_PHASE_STRIP = YES;
				DEBUG_INFORMATION_FORMAT = "dwarf-with-dsym";
				ENABLE_NS_ASSERTIONS = NO;
				GCC_C_LANGUAGE_STANDARD = gnu99;
				GCC_ENABLE_OBJC_EXCEPTIONS = YES;
				GCC_WARN_64_TO_32_BIT_CONVERSION = YES;
				GCC_WARN_ABOUT_RETURN_TYPE = YES_ERROR;
				GCC_WARN_UNDECLARED_SELECTOR = YES;
				GCC_WARN_UNINITIALIZED_AUTOS = YES;
				GCC_WARN_UNUSED_FUNCTION = YES;
				GCC_WARN_UNUSED_VARIABLE = YES;
				MACOSX_DEPLOYMENT_TARGET = 10.8;
				SDKROOT = macosx;
			};
			name = Release;
		};
		60156D3D17FFC0B5001394E7 /* Debug */ = {
			isa = XCBuildConfiguration;
			buildSettings = {
				PRODUCT_NAME = "$(TARGET_NAME)";
			};
			name = Debug;
		};
		60156D3E17FFC0B5001394E7 /* Release */ = {
			isa = XCBuildConfiguration;
			buildSettings = {
				PRODUCT_NAME = "$(TARGET_NAME)";
			};
			name = Release;
		};
		60B7E3E01800723900FC011E /* Debug */ = {
			isa = XCBuildConfiguration;
			buildSettings = {
				PRODUCT_NAME = "$(TARGET_NAME)";
			};
			name = Debug;
		};
		60B7E3E11800723900FC011E /* Release */ = {
			isa = XCBuildConfiguration;
			buildSettings = {
				PRODUCT_NAME = "$(TARGET_NAME)";
			};
			name = Release;
		};
/* End XCBuildConfiguration section */

/* Begin XCConfigurationList section */
		60156D2E17FFC0B5001394E7 /* Build configuration list for PBXProject "MBVM" */ = {
			isa = XCConfigurationList;
			buildConfigurations = (
				60156D3A17FFC0B5001394E7 /* Debug */,
				60156D3B17FFC0B5001394E7 /* Release */,
			);
			defaultConfigurationIsVisible = 0;
			defaultConfigurationName = Release;
		};
		60156D3C17FFC0B5001394E7 /* Build configuration list for PBXNativeTarget "MBVM" */ = {
			isa = XCConfigurationList;
			buildConfigurations = (
				60156D3D17FFC0B5001394E7 /* Debug */,
				60156D3E17FFC0B5001394E7 /* Release */,
			);
			defaultConfigurationIsVisible = 0;
			defaultConfigurationName = Release;
		};
		60B7E3E21800723900FC011E /* Build configuration list for PBXAggregateTarget "Documentation" */ = {
			isa = XCConfigurationList;
			buildConfigurations = (
				60B7E3E01800723900FC011E /* Debug */,
				60B7E3E11800723900FC011E /* Release */,
			);
			defaultConfigurationIsVisible = 0;
			defaultConfigurationName = Release;
		};
/* End XCConfigurationList section */
	};
	rootObject = 60156D2B17FFC0B5001394E7 /* Project object */;
}
